
Microsoft Visual Studio Solution File, Format Version 12.00
# Visual Studio 15
VisualStudioVersion = 15.0.28010.2016
MinimumVisualStudioVersion = 10.0.40219.1
Project("{FAE04EC0-301F-11D3-BF4B-00C04F79EFBC}") = "ProjectsManagment.Entity", "ProjectsManagment.Entity\ProjectsManagment.Entity.csproj", "{32C3AA71-98FC-40AE-B16B-3B11B34CFE4A}"
EndProject
Project("{FAE04EC0-301F-11D3-BF4B-00C04F79EFBC}") = "ProjectsManagment.Data", "ProjectsManagment.Data\ProjectsManagment.Data.csproj", "{1DF9C000-1539-4414-BB67-A6840DA87155}"
EndProject
Project("{FAE04EC0-301F-11D3-BF4B-00C04F79EFBC}") = "ProjectsManagment.Web", "ProjectsManagment.Web\ProjectsManagment.Web.csproj", "{686B61CD-7AF4-4879-8DD4-F565B950F842}"
EndProject
Global
	GlobalSection(SolutionConfigurationPlatforms) = preSolution
		Debug|Any CPU = Debug|Any CPU
		Release|Any CPU = Release|Any CPU
	EndGlobalSection
	GlobalSection(ProjectConfigurationPlatforms) = postSolution
		{32C3AA71-98FC-40AE-B16B-3B11B34CFE4A}.Debug|Any CPU.ActiveCfg = Debug|Any CPU
		{32C3AA71-98FC-40AE-B16B-3B11B34CFE4A}.Debug|Any CPU.Build.0 = Debug|Any CPU
		{32C3AA71-98FC-40AE-B16B-3B11B34CFE4A}.Release|Any CPU.ActiveCfg = Release|Any CPU
		{32C3AA71-98FC-40AE-B16B-3B11B34CFE4A}.Release|Any CPU.Build.0 = Release|Any CPU
		{1DF9C000-1539-4414-BB67-A6840DA87155}.Debug|Any CPU.ActiveCfg = Debug|Any CPU
		{1DF9C000-1539-4414-BB67-A6840DA87155}.Debug|Any CPU.Build.0 = Debug|Any CPU
		{1DF9C000-1539-4414-BB67-A6840DA87155}.Release|Any CPU.ActiveCfg = Release|Any CPU
		{1DF9C000-1539-4414-BB67-A6840DA87155}.Release|Any CPU.Build.0 = Release|Any CPU
		{686B61CD-7AF4-4879-8DD4-F565B950F842}.Debug|Any CPU.ActiveCfg = Debug|Any CPU
		{686B61CD-7AF4-4879-8DD4-F565B950F842}.Debug|Any CPU.Build.0 = Debug|Any CPU
		{686B61CD-7AF4-4879-8DD4-F565B950F842}.Release|Any CPU.ActiveCfg = Release|Any CPU
		{686B61CD-7AF4-4879-8DD4-F565B950F842}.Release|Any CPU.Build.0 = Release|Any CPU
	EndGlobalSection
	GlobalSection(SolutionProperties) = preSolution
		HideSolutionNode = FALSE
	EndGlobalSection
	GlobalSection(ExtensibilityGlobals) = postSolution
		SolutionGuid = {88DC7CCA-30C5-4B96-ABB9-5FCA7DC069EC}
	EndGlobalSection
EndGlobal
